
Microsoft Visual Studio Solution File, Format Version 12.00
# Visual Studio Version 16
VisualStudioVersion = 16.0.29806.167
MinimumVisualStudioVersion = 10.0.40219.1
Project("{8BC9CEB8-8B4A-11D0-8D11-00A0C91BC942}") = "01_XMVECTOR", "01_XMVECTOR.vcxproj", "{030C9045-2EC8-4E0F-A13A-32184EE6F872}"
EndProject
Project("{8BC9CEB8-8B4A-11D0-8D11-00A0C91BC942}") = "02_XMMATRIX", "02_XMMATRIX.vcxproj", "{0C283CEA-2EB0-42C5-B723-469527CB5E14}"
EndProject
Project("{2150E333-8FDC-42A3-9474-1A3956D46DE8}") = "demo", "demo", "{72166922-A788-4C08-8185-D3B01FD078A7}"
EndProject
Project("{2150E333-8FDC-42A3-9474-1A3956D46DE8}") = "lib", "lib", "{46ED067C-254D-4C4C-AB3B-E3CBDE4F8694}"
EndProject
Project("{8BC9CEB8-8B4A-11D0-8D11-00A0C91BC942}") = "IntroDX12Common", "IntroDX12Common.vcxproj", "{465E8DC8-4BB8-4C8C-8B05-C2A62FDBAED7}"
EndProject
Project("{8BC9CEB8-8B4A-11D0-8D11-00A0C91BC942}") = "04_InitDX12", "04_InitDX12.vcxproj", "{B25CBC0D-CDFB-4588-A16E-199E37C40712}"
	ProjectSection(ProjectDependencies) = postProject
		{465E8DC8-4BB8-4C8C-8B05-C2A62FDBAED7} = {465E8DC8-4BB8-4C8C-8B05-C2A62FDBAED7}
	EndProjectSection
EndProject
Global
	GlobalSection(SolutionConfigurationPlatforms) = preSolution
		Debug|x64 = Debug|x64
		Debug|x86 = Debug|x86
		Release|x64 = Release|x64
		Release|x86 = Release|x86
	EndGlobalSection
	GlobalSection(ProjectConfigurationPlatforms) = postSolution
		{030C9045-2EC8-4E0F-A13A-32184EE6F872}.Debug|x64.ActiveCfg = Debug|x64
		{030C9045-2EC8-4E0F-A13A-32184EE6F872}.Debug|x64.Build.0 = Debug|x64
		{030C9045-2EC8-4E0F-A13A-32184EE6F872}.Debug|x86.ActiveCfg = Debug|Win32
		{030C9045-2EC8-4E0F-A13A-32184EE6F872}.Debug|x86.Build.0 = Debug|Win32
		{030C9045-2EC8-4E0F-A13A-32184EE6F872}.Release|x64.ActiveCfg = Release|x64
		{030C9045-2EC8-4E0F-A13A-32184EE6F872}.Release|x64.Build.0 = Release|x64
		{030C9045-2EC8-4E0F-A13A-32184EE6F872}.Release|x86.ActiveCfg = Release|Win32
		{030C9045-2EC8-4E0F-A13A-32184EE6F872}.Release|x86.Build.0 = Release|Win32
		{0C283CEA-2EB0-42C5-B723-469527CB5E14}.Debug|x64.ActiveCfg = Debug|x64
		{0C283CEA-2EB0-42C5-B723-469527CB5E14}.Debug|x64.Build.0 = Debug|x64
		{0C283CEA-2EB0-42C5-B723-469527CB5E14}.Debug|x86.ActiveCfg = Debug|Win32
		{0C283CEA-2EB0-42C5-B723-469527CB5E14}.Debug|x86.Build.0 = Debug|Win32
		{0C283CEA-2EB0-42C5-B723-469527CB5E14}.Release|x64.ActiveCfg = Release|x64
		{0C283CEA-2EB0-42C5-B723-469527CB5E14}.Release|x64.Build.0 = Release|x64
		{0C283CEA-2EB0-42C5-B723-469527CB5E14}.Release|x86.ActiveCfg = Release|Win32
		{0C283CEA-2EB0-42C5-B723-469527CB5E14}.Release|x86.Build.0 = Release|Win32
		{465E8DC8-4BB8-4C8C-8B05-C2A62FDBAED7}.Debug|x64.ActiveCfg = Debug|x64
		{465E8DC8-4BB8-4C8C-8B05-C2A62FDBAED7}.Debug|x64.Build.0 = Debug|x64
		{465E8DC8-4BB8-4C8C-8B05-C2A62FDBAED7}.Debug|x86.ActiveCfg = Debug|Win32
		{465E8DC8-4BB8-4C8C-8B05-C2A62FDBAED7}.Debug|x86.Build.0 = Debug|Win32
		{465E8DC8-4BB8-4C8C-8B05-C2A62FDBAED7}.Release|x64.ActiveCfg = Release|x64
		{465E8DC8-4BB8-4C8C-8B05-C2A62FDBAED7}.Release|x64.Build.0 = Release|x64
		{465E8DC8-4BB8-4C8C-8B05-C2A62FDBAED7}.Release|x86.ActiveCfg = Release|Win32
		{465E8DC8-4BB8-4C8C-8B05-C2A62FDBAED7}.Release|x86.Build.0 = Release|Win32
		{B25CBC0D-CDFB-4588-A16E-199E37C40712}.Debug|x64.ActiveCfg = Debug|x64
		{B25CBC0D-CDFB-4588-A16E-199E37C40712}.Debug|x64.Build.0 = Debug|x64
		{B25CBC0D-CDFB-4588-A16E-199E37C40712}.Debug|x86.ActiveCfg = Debug|Win32
		{B25CBC0D-CDFB-4588-A16E-199E37C40712}.Debug|x86.Build.0 = Debug|Win32
		{B25CBC0D-CDFB-4588-A16E-199E37C40712}.Release|x64.ActiveCfg = Release|x64
		{B25CBC0D-CDFB-4588-A16E-199E37C40712}.Release|x64.Build.0 = Release|x64
		{B25CBC0D-CDFB-4588-A16E-199E37C40712}.Release|x86.ActiveCfg = Release|Win32
		{B25CBC0D-CDFB-4588-A16E-199E37C40712}.Release|x86.Build.0 = Release|Win32
	EndGlobalSection
	GlobalSection(SolutionProperties) = preSolution
		HideSolutionNode = FALSE
	EndGlobalSection
	GlobalSection(NestedProjects) = preSolution
		{030C9045-2EC8-4E0F-A13A-32184EE6F872} = {72166922-A788-4C08-8185-D3B01FD078A7}
		{0C283CEA-2EB0-42C5-B723-469527CB5E14} = {72166922-A788-4C08-8185-D3B01FD078A7}
		{465E8DC8-4BB8-4C8C-8B05-C2A62FDBAED7} = {46ED067C-254D-4C4C-AB3B-E3CBDE4F8694}
		{B25CBC0D-CDFB-4588-A16E-199E37C40712} = {72166922-A788-4C08-8185-D3B01FD078A7}
	EndGlobalSection
	GlobalSection(ExtensibilityGlobals) = postSolution
		SolutionGuid = {B56330E1-3B04-4FCF-8283-0A069D3DE6DB}
	EndGlobalSection
EndGlobal
